
Microsoft Visual Studio Solution File, Format Version 12.00
# Visual Studio 15
VisualStudioVersion = 15.0.28307.329
MinimumVisualStudioVersion = 10.0.40219.1
Project("{FAE04EC0-301F-11D3-BF4B-00C04F79EFBC}") = "SearchMethods", "SearchMethods\SearchMethods.csproj", "{B5F79053-C008-48A2-86C2-190722C5BB9E}"
EndProject
Global
	GlobalSection(SolutionConfigurationPlatforms) = preSolution
		Debug|Any CPU = Debug|Any CPU
		Release|Any CPU = Release|Any CPU
	EndGlobalSection
	GlobalSection(ProjectConfigurationPlatforms) = postSolution
		{B5F79053-C008-48A2-86C2-190722C5BB9E}.Debug|Any CPU.ActiveCfg = Debug|Any CPU
		{B5F79053-C008-48A2-86C2-190722C5BB9E}.Debug|Any CPU.Build.0 = Debug|Any CPU
		{B5F79053-C008-48A2-86C2-190722C5BB9E}.Release|Any CPU.ActiveCfg = Release|Any CPU
		{B5F79053-C008-48A2-86C2-190722C5BB9E}.Release|Any CPU.Build.0 = Release|Any CPU
	EndGlobalSection
	GlobalSection(SolutionProperties) = preSolution
		HideSolutionNode = FALSE
	EndGlobalSection
	GlobalSection(ExtensibilityGlobals) = postSolution
		SolutionGuid = {2F34ECE1-94AC-410F-A29E-5A2541FEF015}
	EndGlobalSection
EndGlobal
